PODS:
  - boost (1.76.0)
  - DoubleConversion (1.1.6)
  - FasterImage (1.6.2):
    - FasterImage/Nuke (= 1.6.2)
    - FasterImage/NukeUI (= 1.6.2)
    - React-Core
  - FasterImage/Nuke (1.6.2):
    - React-Core
  - FasterImage/NukeUI (1.6.2):
    - React-Core
  - FBLazyVector (0.71.17)
  - FBReactNativeSpec (0.71.17):
    - RCT-Folly (= 2021.07.22.00)
    - RCTRequired (= 0.71.17)
    - RCTTypeSafety (= 0.71.17)
    - React-Core (= 0.71.17)
    - React-jsi (= 0.71.17)
    - ReactCommon/turbomodule/core (= 0.71.17)
  - fmt (6.2.1)
  - glog (0.3.5)
  - RCT-Folly (2021.07.22.00):
    - boost
    - DoubleConversion
    - fmt (~> 6.2.1)
    - glog
    - RCT-Folly/Default (= 2021.07.22.00)
  - RCT-Folly/Default (2021.07.22.00):
    - boost
    - DoubleConversion
    - fmt (~> 6.2.1)
    - glog
  - RCTRequired (0.71.17)
  - RCTTypeSafety (0.71.17):
    - FBLazyVector (= 0.71.17)
    - RCTRequired (= 0.71.17)
    - React-Core (= 0.71.17)
  - React (0.71.17):
    - React-Core (= 0.71.17)
    - React-Core/DevSupport (= 0.71.17)
    - React-Core/RCTWebSocket (= 0.71.17)
    - React-RCTActionSheet (= 0.71.17)
    - React-RCTAnimation (= 0.71.17)
    - React-RCTBlob (= 0.71.17)
    - React-RCTImage (= 0.71.17)
    - React-RCTLinking (= 0.71.17)
    - React-RCTNetwork (= 0.71.17)
    - React-RCTSettings (= 0.71.17)
    - React-RCTText (= 0.71.17)
    - React-RCTVibration (= 0.71.17)
  - React-callinvoker (0.71.17)
  - React-Codegen (0.71.17):
    - FBReactNativeSpec
    - RCT-Folly
    - RCTRequired
    - RCTTypeSafety
    - React-Core
    - React-jsc
    - React-jsi
    - React-jsiexecutor
    - ReactCommon/turbomodule/bridging
    - ReactCommon/turbomodule/core
  - React-Core (0.71.17):
    - glog
    - RCT-Folly (= 2021.07.22.00)
    - React-Core/Default (= 0.71.17)
    - React-cxxreact (= 0.71.17)
    - React-jsc
    - React-jsi (= 0.71.17)
    - React-jsiexecutor (= 0.71.17)
    - React-perflogger (= 0.71.17)
    - Yoga
  - React-Core/CoreModulesHeaders (0.71.17):
    - glog
    - RCT-Folly (= 2021.07.22.00)
    - React-Core/Default
    - React-cxxreact (= 0.71.17)
    - React-jsc
    - React-jsi (= 0.71.17)
    - React-jsiexecutor (= 0.71.17)
    - React-perflogger (= 0.71.17)
    - Yoga
  - React-Core/Default (0.71.17):
    - glog
    - RCT-Folly (= 2021.07.22.00)
    - React-cxxreact (= 0.71.17)
    - React-jsc
    - React-jsi (= 0.71.17)
    - React-jsiexecutor (= 0.71.17)
    - React-perflogger (= 0.71.17)
    - Yoga
  - React-Core/DevSupport (0.71.17):
    - glog
    - RCT-Folly (= 2021.07.22.00)
    - React-Core/Default (= 0.71.17)
    - React-Core/RCTWebSocket (= 0.71.17)
    - React-cxxreact (= 0.71.17)
    - React-jsc
    - React-jsi (= 0.71.17)
    - React-jsiexecutor (= 0.71.17)
    - React-jsinspector (= 0.71.17)
    - React-perflogger (= 0.71.17)
    - Yoga
  - React-Core/RCTActionSheetHeaders (0.71.17):
    - glog
    - RCT-Folly (= 2021.07.22.00)
    - React-Core/Default
    - React-cxxreact (= 0.71.17)
    - React-jsc
    - React-jsi (= 0.71.17)
    - React-jsiexecutor (= 0.71.17)
    - React-perflogger (= 0.71.17)
    - Yoga
  - React-Core/RCTAnimationHeaders (0.71.17):
    - glog
    - RCT-Folly (= 2021.07.22.00)
    - React-Core/Default
    - React-cxxreact (= 0.71.17)
    - React-jsc
    - React-jsi (= 0.71.17)
    - React-jsiexecutor (= 0.71.17)
    - React-perflogger (= 0.71.17)
    - Yoga
  - React-Core/RCTBlobHeaders (0.71.17):
    - glog
    - RCT-Folly (= 2021.07.22.00)
    - React-Core/Default
    - React-cxxreact (= 0.71.17)
    - React-jsc
    - React-jsi (= 0.71.17)
    - React-jsiexecutor (= 0.71.17)
    - React-perflogger (= 0.71.17)
    - Yoga
  - React-Core/RCTImageHeaders (0.71.17):
    - glog
    - RCT-Folly (= 2021.07.22.00)
    - React-Core/Default
    - React-cxxreact (= 0.71.17)
    - React-jsc
    - React-jsi (= 0.71.17)
    - React-jsiexecutor (= 0.71.17)
    - React-perflogger (= 0.71.17)
    - Yoga
  - React-Core/RCTLinkingHeaders (0.71.17):
    - glog
    - RCT-Folly (= 2021.07.22.00)
    - React-Core/Default
    - React-cxxreact (= 0.71.17)
    - React-jsc
    - React-jsi (= 0.71.17)
    - React-jsiexecutor (= 0.71.17)
    - React-perflogger (= 0.71.17)
    - Yoga
  - React-Core/RCTNetworkHeaders (0.71.17):
    - glog
    - RCT-Folly (= 2021.07.22.00)
    - React-Core/Default
    - React-cxxreact (= 0.71.17)
    - React-jsc
    - React-jsi (= 0.71.17)
    - React-jsiexecutor (= 0.71.17)
    - React-perflogger (= 0.71.17)
    - Yoga
  - React-Core/RCTSettingsHeaders (0.71.17):
    - glog
    - RCT-Folly (= 2021.07.22.00)
    - React-Core/Default
    - React-cxxreact (= 0.71.17)
    - React-jsc
    - React-jsi (= 0.71.17)
    - React-jsiexecutor (= 0.71.17)
    - React-perflogger (= 0.71.17)
    - Yoga
  - React-Core/RCTTextHeaders (0.71.17):
    - glog
    - RCT-Folly (= 2021.07.22.00)
    - React-Core/Default
    - React-cxxreact (= 0.71.17)
    - React-jsc
    - React-jsi (= 0.71.17)
    - React-jsiexecutor (= 0.71.17)
    - React-perflogger (= 0.71.17)
    - Yoga
  - React-Core/RCTVibrationHeaders (0.71.17):
    - glog
    - RCT-Folly (= 2021.07.22.00)
    - React-Core/Default
    - React-cxxreact (= 0.71.17)
    - React-jsc
    - React-jsi (= 0.71.17)
    - React-jsiexecutor (= 0.71.17)
    - React-perflogger (= 0.71.17)
    - Yoga
  - React-Core/RCTWebSocket (0.71.17):
    - glog
    - RCT-Folly (= 2021.07.22.00)
    - React-Core/Default (= 0.71.17)
    - React-cxxreact (= 0.71.17)
    - React-jsc
    - React-jsi (= 0.71.17)
    - React-jsiexecutor (= 0.71.17)
    - React-perflogger (= 0.71.17)
    - Yoga
  - React-CoreModules (0.71.17):
    - RCT-Folly (= 2021.07.22.00)
    - RCTTypeSafety (= 0.71.17)
    - React-Codegen (= 0.71.17)
    - React-Core/CoreModulesHeaders (= 0.71.17)
    - React-jsi (= 0.71.17)
    - React-RCTBlob
    - React-RCTImage (= 0.71.17)
    - ReactCommon/turbomodule/core (= 0.71.17)
  - React-cxxreact (0.71.17):
    - boost (= 1.76.0)
    - DoubleConversion
    - glog
    - RCT-Folly (= 2021.07.22.00)
    - React-callinvoker (= 0.71.17)
    - React-jsi (= 0.71.17)
    - React-jsinspector (= 0.71.17)
    - React-logger (= 0.71.17)
    - React-perflogger (= 0.71.17)
    - React-runtimeexecutor (= 0.71.17)
  - React-jsc (0.71.17):
    - React-jsc/Fabric (= 0.71.17)
    - React-jsi (= 0.71.17)
  - React-jsc/Fabric (0.71.17):
    - React-jsi (= 0.71.17)
  - React-jsi (0.71.17):
    - boost (= 1.76.0)
    - DoubleConversion
    - glog
    - RCT-Folly (= 2021.07.22.00)
  - React-jsiexecutor (0.71.17):
    - DoubleConversion
    - glog
    - RCT-Folly (= 2021.07.22.00)
    - React-cxxreact (= 0.71.17)
    - React-jsi (= 0.71.17)
    - React-perflogger (= 0.71.17)
  - React-jsinspector (0.71.17)
  - React-logger (0.71.17):
    - glog
  - React-perflogger (0.71.17)
  - React-RCTActionSheet (0.71.17):
    - React-Core/RCTActionSheetHeaders (= 0.71.17)
  - React-RCTAnimation (0.71.17):
    - RCT-Folly (= 2021.07.22.00)
    - RCTTypeSafety (= 0.71.17)
    - React-Codegen (= 0.71.17)
    - React-Core/RCTAnimationHeaders (= 0.71.17)
    - React-jsi (= 0.71.17)
    - ReactCommon/turbomodule/core (= 0.71.17)
  - React-RCTAppDelegate (0.71.17):
    - RCT-Folly
    - RCTRequired
    - RCTTypeSafety
    - React-Core
    - ReactCommon/turbomodule/core
  - React-RCTBlob (0.71.17):
    - RCT-Folly (= 2021.07.22.00)
    - React-Codegen (= 0.71.17)
    - React-Core/RCTBlobHeaders (= 0.71.17)
    - React-Core/RCTWebSocket (= 0.71.17)
    - React-jsi (= 0.71.17)
    - React-RCTNetwork (= 0.71.17)
    - ReactCommon/turbomodule/core (= 0.71.17)
  - React-RCTImage (0.71.17):
    - RCT-Folly (= 2021.07.22.00)
    - RCTTypeSafety (= 0.71.17)
    - React-Codegen (= 0.71.17)
    - React-Core/RCTImageHeaders (= 0.71.17)
    - React-jsi (= 0.71.17)
    - React-RCTNetwork (= 0.71.17)
    - ReactCommon/turbomodule/core (= 0.71.17)
  - React-RCTLinking (0.71.17):
    - React-Codegen (= 0.71.17)
    - React-Core/RCTLinkingHeaders (= 0.71.17)
    - React-jsi (= 0.71.17)
    - ReactCommon/turbomodule/core (= 0.71.17)
  - React-RCTNetwork (0.71.17):
    - RCT-Folly (= 2021.07.22.00)
    - RCTTypeSafety (= 0.71.17)
    - React-Codegen (= 0.71.17)
    - React-Core/RCTNetworkHeaders (= 0.71.17)
    - React-jsi (= 0.71.17)
    - ReactCommon/turbomodule/core (= 0.71.17)
  - React-RCTSettings (0.71.17):
    - RCT-Folly (= 2021.07.22.00)
    - RCTTypeSafety (= 0.71.17)
    - React-Codegen (= 0.71.17)
    - React-Core/RCTSettingsHeaders (= 0.71.17)
    - React-jsi (= 0.71.17)
    - ReactCommon/turbomodule/core (= 0.71.17)
  - React-RCTText (0.71.17):
    - React-Core/RCTTextHeaders (= 0.71.17)
  - React-RCTVibration (0.71.17):
    - RCT-Folly (= 2021.07.22.00)
    - React-Codegen (= 0.71.17)
    - React-Core/RCTVibrationHeaders (= 0.71.17)
    - React-jsi (= 0.71.17)
    - ReactCommon/turbomodule/core (= 0.71.17)
  - React-runtimeexecutor (0.71.17):
    - React-jsi (= 0.71.17)
  - ReactCommon/turbomodule/bridging (0.71.17):
    - DoubleConversion
    - glog
    - RCT-Folly (= 2021.07.22.00)
    - React-callinvoker (= 0.71.17)
    - React-Core (= 0.71.17)
    - React-cxxreact (= 0.71.17)
    - React-jsi (= 0.71.17)
    - React-logger (= 0.71.17)
    - React-perflogger (= 0.71.17)
  - ReactCommon/turbomodule/core (0.71.17):
    - DoubleConversion
    - glog
    - RCT-Folly (= 2021.07.22.00)
    - React-callinvoker (= 0.71.17)
    - React-Core (= 0.71.17)
    - React-cxxreact (= 0.71.17)
    - React-jsi (= 0.71.17)
    - React-logger (= 0.71.17)
    - React-perflogger (= 0.71.17)
  - Yoga (1.14.0)

DEPENDENCIES:
  - boost (from `../node_modules/react-native/third-party-podspecs/boost.podspec`)
  - DoubleConversion (from `../node_modules/react-native/third-party-podspecs/DoubleConversion.podspec`)
  - FasterImage (from `../..`)
  - FBLazyVector (from `../node_modules/react-native/Libraries/FBLazyVector`)
  - FBReactNativeSpec (from `../node_modules/react-native/React/FBReactNativeSpec`)
  - glog (from `../node_modules/react-native/third-party-podspecs/glog.podspec`)
  - RCT-Folly (from `../node_modules/react-native/third-party-podspecs/RCT-Folly.podspec`)
  - RCTRequired (from `../node_modules/react-native/Libraries/RCTRequired`)
  - RCTTypeSafety (from `../node_modules/react-native/Libraries/TypeSafety`)
  - React (from `../node_modules/react-native/`)
  - React-callinvoker (from `../node_modules/react-native/ReactCommon/callinvoker`)
  - React-Codegen (from `build/generated/ios`)
  - React-Core (from `../node_modules/react-native/`)
  - React-Core/RCTWebSocket (from `../node_modules/react-native/`)
  - React-CoreModules (from `../node_modules/react-native/React/CoreModules`)
  - React-cxxreact (from `../node_modules/react-native/ReactCommon/cxxreact`)
  - React-jsc (from `../node_modules/react-native/ReactCommon/jsc`)
  - React-jsi (from `../node_modules/react-native/ReactCommon/jsi`)
  - React-jsiexecutor (from `../node_modules/react-native/ReactCommon/jsiexecutor`)
  - React-jsinspector (from `../node_modules/react-native/ReactCommon/jsinspector`)
  - React-logger (from `../node_modules/react-native/ReactCommon/logger`)
  - React-perflogger (from `../node_modules/react-native/ReactCommon/reactperflogger`)
  - React-RCTActionSheet (from `../node_modules/react-native/Libraries/ActionSheetIOS`)
  - React-RCTAnimation (from `../node_modules/react-native/Libraries/NativeAnimation`)
  - React-RCTAppDelegate (from `../node_modules/react-native/Libraries/AppDelegate`)
  - React-RCTBlob (from `../node_modules/react-native/Libraries/Blob`)
  - React-RCTImage (from `../node_modules/react-native/Libraries/Image`)
  - React-RCTLinking (from `../node_modules/react-native/Libraries/LinkingIOS`)
  - React-RCTNetwork (from `../node_modules/react-native/Libraries/Network`)
  - React-RCTSettings (from `../node_modules/react-native/Libraries/Settings`)
  - React-RCTText (from `../node_modules/react-native/Libraries/Text`)
  - React-RCTVibration (from `../node_modules/react-native/Libraries/Vibration`)
  - React-runtimeexecutor (from `../node_modules/react-native/ReactCommon/runtimeexecutor`)
  - ReactCommon/turbomodule/core (from `../node_modules/react-native/ReactCommon`)
  - Yoga (from `../node_modules/react-native/ReactCommon/yoga`)

SPEC REPOS:
  trunk:
    - fmt

EXTERNAL SOURCES:
  boost:
    :podspec: "../node_modules/react-native/third-party-podspecs/boost.podspec"
  DoubleConversion:
    :podspec: "../node_modules/react-native/third-party-podspecs/DoubleConversion.podspec"
  FasterImage:
    :path: "../.."
  FBLazyVector:
    :path: "../node_modules/react-native/Libraries/FBLazyVector"
  FBReactNativeSpec:
    :path: "../node_modules/react-native/React/FBReactNativeSpec"
  glog:
    :podspec: "../node_modules/react-native/third-party-podspecs/glog.podspec"
  RCT-Folly:
    :podspec: "../node_modules/react-native/third-party-podspecs/RCT-Folly.podspec"
  RCTRequired:
    :path: "../node_modules/react-native/Libraries/RCTRequired"
  RCTTypeSafety:
    :path: "../node_modules/react-native/Libraries/TypeSafety"
  React:
    :path: "../node_modules/react-native/"
  React-callinvoker:
    :path: "../node_modules/react-native/ReactCommon/callinvoker"
  React-Codegen:
    :path: build/generated/ios
  React-Core:
    :path: "../node_modules/react-native/"
  React-CoreModules:
    :path: "../node_modules/react-native/React/CoreModules"
  React-cxxreact:
    :path: "../node_modules/react-native/ReactCommon/cxxreact"
  React-jsc:
    :path: "../node_modules/react-native/ReactCommon/jsc"
  React-jsi:
    :path: "../node_modules/react-native/ReactCommon/jsi"
  React-jsiexecutor:
    :path: "../node_modules/react-native/ReactCommon/jsiexecutor"
  React-jsinspector:
    :path: "../node_modules/react-native/ReactCommon/jsinspector"
  React-logger:
    :path: "../node_modules/react-native/ReactCommon/logger"
  React-perflogger:
    :path: "../node_modules/react-native/ReactCommon/reactperflogger"
  React-RCTActionSheet:
    :path: "../node_modules/react-native/Libraries/ActionSheetIOS"
  React-RCTAnimation:
    :path: "../node_modules/react-native/Libraries/NativeAnimation"
  React-RCTAppDelegate:
    :path: "../node_modules/react-native/Libraries/AppDelegate"
  React-RCTBlob:
    :path: "../node_modules/react-native/Libraries/Blob"
  React-RCTImage:
    :path: "../node_modules/react-native/Libraries/Image"
  React-RCTLinking:
    :path: "../node_modules/react-native/Libraries/LinkingIOS"
  React-RCTNetwork:
    :path: "../node_modules/react-native/Libraries/Network"
  React-RCTSettings:
    :path: "../node_modules/react-native/Libraries/Settings"
  React-RCTText:
    :path: "../node_modules/react-native/Libraries/Text"
  React-RCTVibration:
    :path: "../node_modules/react-native/Libraries/Vibration"
  React-runtimeexecutor:
    :path: "../node_modules/react-native/ReactCommon/runtimeexecutor"
  ReactCommon:
    :path: "../node_modules/react-native/ReactCommon"
  Yoga:
    :path: "../node_modules/react-native/ReactCommon/yoga"

SPEC CHECKSUMS:
  boost: 7dcd2de282d72e344012f7d6564d024930a6a440
  DoubleConversion: 5189b271737e1565bdce30deb4a08d647e3f5f54
  FasterImage: af05a76f042ca3654c962b658fdb01cb4d31caee
  FBLazyVector: 719c60593e0a5b54cba28d1e50250581efff79d2
  FBReactNativeSpec: 68ee46729de18aef10445dad3ed72915420041b5
  fmt: ff9d55029c625d3757ed641535fd4a75fedc7ce9
  glog: 04b94705f318337d7ead9e6d17c019bd9b1f6b1b
  RCT-Folly: 424b8c9a7a0b9ab2886ffe9c3b041ef628fd4fb1
  RCTRequired: 90f1bac0c9682cd0f725922a79fbc064836f06bb
  RCTTypeSafety: 14a5fd9ec04e2807eff1fcd22a293befd68de90f
  React: fcf49ebf29d43e90507c7aafaa59e97b2bb45def
  React-callinvoker: 614178adcfb8b8a625f05fc5d9d4f41bef0537e2
  React-Codegen: 6e13cad8d9ca6108f9d85377e78b479b570bf67a
  React-Core: f9ead137b3b27075dcfcae54e9b43cf50e1f0752
  React-CoreModules: 1233334b72d7af5c6f8ab2fa25de6e7e86fdaaea
  React-cxxreact: c30aa03fd03519ec913176724854a47888f6721e
  React-jsc: 83dce882a4a44ab72785a7509f7fdf32cd163398
  React-jsi: 67dc52682547766e083d975ddaef69ed7f9af786
  React-jsiexecutor: 5bca6d37227a983c6fcb713a662dc0a5db59502d
  React-jsinspector: aadc7a5f156f047800ab3d51f6a10ce5b009109d
  React-logger: a41d4cad677e9726b71a45a4012431d2fb1edd80
  React-perflogger: 2588b59d386dbbc1df392da9493a8baa690bc89c
  React-RCTActionSheet: 057d6c6fc29e2a6d183d323ef35d9f6aedae936b
  React-RCTAnimation: 4c25b2c7953ea5b983eda940922fb4036f03e3f1
  React-RCTAppDelegate: edd26e61e57402cd647465aecedc6b6e31abb5d3
  React-RCTBlob: 9ecb1d23ea81b58352da968a4db3b7dfc4e6624e
  React-RCTImage: 7e13cfb10121d027d16b544b04e753c96c15d53e
  React-RCTLinking: bee7bbe68fe4f758cfcadae113d47b44e86d6b1e
  React-RCTNetwork: 1c4de789e12da8f892b6e1248192a20bac74db4c
  React-RCTSettings: 67929605cb023aab73fb6926f9e8ce5cc9ceedc7
  React-RCTText: 8c793c96183e085fffb823cf49ecd3d247655d90
  React-RCTVibration: 6bdf9ae4d6cada21ab251c5ec4ebbb53b2c442da
  React-runtimeexecutor: 304198fed11471da368cf5d1ce933b84e1288c0b
  ReactCommon: d0065c8a8184174e88545b4cf8da39c697c75c14
  Yoga: fb40589bb1a96e2573358586fc2903b3811ce254

PODFILE CHECKSUM: 949b735967dd6c64873d44a6244cb933a1eac03b

COCOAPODS: 1.14.3
